
Microsoft Visual Studio Solution File, Format Version 12.00
# Visual Studio Version 16
VisualStudioVersion = 16.0.31105.61
MinimumVisualStudioVersion = 10.0.40219.1
Project("{FAE04EC0-301F-11D3-BF4B-00C04F79EFBC}") = "EducationPortal", "EducationPortal\EducationPortal.csproj", "{ED5C9F88-8FC6-499B-8FE4-7CC2AB782B30}"
EndProject
Project("{FAE04EC0-301F-11D3-BF4B-00C04F79EFBC}") = "BL", "BL\BL.csproj", "{93144069-91FC-407A-A3A4-F008E3DC6300}"
EndProject
Project("{FAE04EC0-301F-11D3-BF4B-00C04F79EFBC}") = "DL", "DL\DL.csproj", "{EC7F0890-7D17-4C60-930E-059072DEE098}"
EndProject
Global
	GlobalSection(SolutionConfigurationPlatforms) = preSolution
		Debug|Any CPU = Debug|Any CPU
		Release|Any CPU = Release|Any CPU
	EndGlobalSection
	GlobalSection(ProjectConfigurationPlatforms) = postSolution
		{ED5C9F88-8FC6-499B-8FE4-7CC2AB782B30}.Debug|Any CPU.ActiveCfg = Debug|Any CPU
		{ED5C9F88-8FC6-499B-8FE4-7CC2AB782B30}.Debug|Any CPU.Build.0 = Debug|Any CPU
		{ED5C9F88-8FC6-499B-8FE4-7CC2AB782B30}.Release|Any CPU.ActiveCfg = Release|Any CPU
		{ED5C9F88-8FC6-499B-8FE4-7CC2AB782B30}.Release|Any CPU.Build.0 = Release|Any CPU
		{93144069-91FC-407A-A3A4-F008E3DC6300}.Debug|Any CPU.ActiveCfg = Debug|Any CPU
		{93144069-91FC-407A-A3A4-F008E3DC6300}.Debug|Any CPU.Build.0 = Debug|Any CPU
		{93144069-91FC-407A-A3A4-F008E3DC6300}.Release|Any CPU.ActiveCfg = Release|Any CPU
		{93144069-91FC-407A-A3A4-F008E3DC6300}.Release|Any CPU.Build.0 = Release|Any CPU
		{EC7F0890-7D17-4C60-930E-059072DEE098}.Debug|Any CPU.ActiveCfg = Debug|Any CPU
		{EC7F0890-7D17-4C60-930E-059072DEE098}.Debug|Any CPU.Build.0 = Debug|Any CPU
		{EC7F0890-7D17-4C60-930E-059072DEE098}.Release|Any CPU.ActiveCfg = Release|Any CPU
		{EC7F0890-7D17-4C60-930E-059072DEE098}.Release|Any CPU.Build.0 = Release|Any CPU
	EndGlobalSection
	GlobalSection(SolutionProperties) = preSolution
		HideSolutionNode = FALSE
	EndGlobalSection
	GlobalSection(ExtensibilityGlobals) = postSolution
		SolutionGuid = {23FAEA96-0271-451D-933A-84D4EA9FE96D}
	EndGlobalSection
EndGlobal
